{
    "_readme": [
        "This file locks the dependencies of your project to a known state",
        "Read more about it at https://getcomposer.org/doc/01-basic-usage.md#composer-lock-the-lock-file",
        "This file is @generated automatically"
    ],
    "content-hash": "e99dfdfb392fdbfc35a738fac82370b2",
    "packages": [
        {
            "name": "edmondscommerce/jirashell",
            "version": "dev-master",
            "source": {
                "type": "git",
                "url": "https://github.com/edmondscommerce/jirashell.git",
                "reference": "c74c21462ea221b01784758d340c4fe5f58f4262"
            },
            "dist": {
                "type": "zip",
                "url": "https://api.github.com/repos/edmondscommerce/jirashell/zipball/c74c21462ea221b01784758d340c4fe5f58f4262",
                "reference": "c74c21462ea221b01784758d340c4fe5f58f4262",
                "shasum": ""
            },
            "type": "library",
            "autoload": {
                "psr-4": {
                    "EdmondsCommerce\\JiraShell\\": "src/"
                }
            },
            "notification-url": "https://packagist.org/downloads/",
            "license": [
                "MIT"
            ],
            "authors": [
                {
                    "name": "edmondscommerce",
                    "email": "info@edmondscommerce.co.uk"
                }
            ],
            "description": "A simple PHP class for adding issues on Jira",
            "homepage": "https://www.edmondscommerce.co.uk",
            "keywords": [
                "Issue Tracking",
                "jira",
                "php",
                "shell"
            ],
            "time": "2017-03-29 10:18:34"
        },
        {
            "name": "simplyadmire/composer-plugins",
            "version": "dev-master",
            "source": {
                "type": "git",
                "url": "https://github.com/SimplyAdmire/ComposerPlugins.git",
                "reference": "d8380f670694c1c2330b22591ca74adc82cffe19"
            },
            "dist": {
                "type": "zip",
                "url": "https://api.github.com/repos/SimplyAdmire/ComposerPlugins/zipball/d8380f670694c1c2330b22591ca74adc82cffe19",
                "reference": "d8380f670694c1c2330b22591ca74adc82cffe19",
                "shasum": ""
            },
            "require": {
                "composer-plugin-api": "^1.0",
                "squizlabs/php_codesniffer": "*"
            },
            "type": "composer-plugin",
            "extra": {
                "class": [
                    "SimplyAdmire\\ComposerPlugins\\PhpCodesnifferStandardInstallerPlugin"
                ]
            },
            "autoload": {
                "psr-0": {
                    "SimplyAdmire\\ComposerPlugins": ""
                }
            },
            "notification-url": "https://packagist.org/downloads/",
            "license": [
                "LGPL-3.0+"
            ],
            "authors": [
                {
                    "name": "Rens Admiraal",
                    "email": "rens@simplyadmire.com",
                    "role": "lead"
                }
            ],
            "description": "Composer plugin for installing PHP_CodeSniffer standards",
            "keywords": [
                "PHP_CodeSniffer",
                "TYPO3 CMS",
                "TYPO3 Flow",
                "TYPO3 Neos",
                "phpcs",
                "standards",
                "typo3"
            ],
            "abandoned": true,
            "time": "2016-05-12 11:58:38"
        },
        {
            "name": "squizlabs/php_codesniffer",
            "version": "dev-master",
            "source": {
                "type": "git",
                "url": "https://github.com/squizlabs/PHP_CodeSniffer.git",
                "reference": "753f52a4c860b3206991ad3334e9d221208731dc"
            },
            "dist": {
                "type": "zip",
                "url": "https://api.github.com/repos/squizlabs/PHP_CodeSniffer/zipball/753f52a4c860b3206991ad3334e9d221208731dc",
                "reference": "753f52a4c860b3206991ad3334e9d221208731dc",
                "shasum": ""
            },
            "require": {
                "ext-simplexml": "*",
                "ext-tokenizer": "*",
                "ext-xmlwriter": "*",
                "php": ">=5.1.2"
            },
            "require-dev": {
                "phpunit/phpunit": "~4.0"
            },
            "bin": [
                "scripts/phpcs",
                "scripts/phpcbf"
            ],
            "type": "library",
            "extra": {
                "branch-alias": {
                    "dev-master": "2.x-dev"
                }
            },
            "autoload": {
                "classmap": [
                    "CodeSniffer.php",
                    "CodeSniffer/CLI.php",
                    "CodeSniffer/Exception.php",
                    "CodeSniffer/File.php",
                    "CodeSniffer/Fixer.php",
                    "CodeSniffer/Report.php",
                    "CodeSniffer/Reporting.php",
                    "CodeSniffer/Sniff.php",
                    "CodeSniffer/Tokens.php",
                    "CodeSniffer/Reports/",
                    "CodeSniffer/Tokenizers/",
                    "CodeSniffer/DocGenerators/",
                    "CodeSniffer/Standards/AbstractPatternSniff.php",
                    "CodeSniffer/Standards/AbstractScopeSniff.php",
                    "CodeSniffer/Standards/AbstractVariableSniff.php",
                    "CodeSniffer/Standards/IncorrectPatternException.php",
                    "CodeSniffer/Standards/Generic/Sniffs/",
                    "CodeSniffer/Standards/MySource/Sniffs/",
                    "CodeSniffer/Standards/PEAR/Sniffs/",
                    "CodeSniffer/Standards/PSR1/Sniffs/",
                    "CodeSniffer/Standards/PSR2/Sniffs/",
                    "CodeSniffer/Standards/Squiz/Sniffs/",
                    "CodeSniffer/Standards/Zend/Sniffs/"
                ]
            },
            "notification-url": "https://packagist.org/downloads/",
            "license": [
                "BSD-3-Clause"
            ],
            "authors": [
                {
                    "name": "Greg Sherwood",
                    "role": "lead"
                }
            ],
            "description": "PHP_CodeSniffer tokenizes PHP, JavaScript and CSS files and detects violations of a defined set of coding standards.",
            "homepage": "http://www.squizlabs.com/php-codesniffer",
            "keywords": [
                "phpcs",
                "standards"
            ],
            "time": "2017-03-23 03:43:46"
        },
        {
            "name": "wimg/php-compatibility",
            "version": "dev-master",
            "source": {
                "type": "git",
                "url": "https://github.com/wimg/PHPCompatibility.git",
                "reference": "e572fe50f1dc79c048697a60292a28c00b8c8059"
            },
            "dist": {
                "type": "zip",
                "url": "https://api.github.com/repos/wimg/PHPCompatibility/zipball/e572fe50f1dc79c048697a60292a28c00b8c8059",
                "reference": "e572fe50f1dc79c048697a60292a28c00b8c8059",
                "shasum": ""
            },
            "require": {
                "ext-tokenizer": "*",
                "php": ">=5.1.2",
                "squizlabs/php_codesniffer": "~2.0"
            },
            "require-dev": {
                "satooshi/php-coveralls": "dev-master"
            },
            "type": "phpcodesniffer-standard",
            "autoload": {
                "psr-4": {
                    "PHPCompatibility\\": ""
                }
            },
            "notification-url": "https://packagist.org/downloads/",
            "license": [
                "LGPL-3.0"
            ],
            "authors": [
                {
                    "name": "Wim Godden",
                    "role": "lead"
                }
            ],
            "description": "This is a set of sniffs for PHP_CodeSniffer that checks for PHP version compatibility.",
            "homepage": "http://techblog.wimgodden.be/tag/codesniffer/",
            "keywords": [
                "compatibility",
                "phpcs",
                "standards"
            ],
            "time": "2017-03-19 16:16:19"
        }
    ],
    "packages-dev": [],
    "aliases": [],
    "minimum-stability": "dev",
    "stability-flags": {
        "edmondscommerce/jirashell": 20,
        "simplyadmire/composer-plugins": 20
    },
    "prefer-stable": false,
    "prefer-lowest": false,
    "platform": [],
    "platform-dev": []
}
